
Microsoft Visual Studio Solution File, Format Version 11.00
# Visual Studio 2010
Project("{E24C65DC-7377-472B-9ABA-BC803B73C61A}") = "TryItPage", ".", "{42E5F423-620F-410A-9ACD-46B58CB55C73}"
	ProjectSection(WebsiteProperties) = preProject
		TargetFrameworkMoniker = ".NETFramework,Version%3Dv4.0"
		Debug.AspNetCompiler.VirtualPath = "/TryItPage"
		Debug.AspNetCompiler.PhysicalPath = "..\TryItPage\"
		Debug.AspNetCompiler.TargetPath = "PrecompiledWeb\TryItPage\"
		Debug.AspNetCompiler.Updateable = "true"
		Debug.AspNetCompiler.ForceOverwrite = "true"
		Debug.AspNetCompiler.FixedNames = "false"
		Debug.AspNetCompiler.Debug = "True"
		Release.AspNetCompiler.VirtualPath = "/TryItPage"
		Release.AspNetCompiler.PhysicalPath = "..\TryItPage\"
		Release.AspNetCompiler.TargetPath = "PrecompiledWeb\TryItPage\"
		Release.AspNetCompiler.Updateable = "true"
		Release.AspNetCompiler.ForceOverwrite = "true"
		Release.AspNetCompiler.FixedNames = "false"
		Release.AspNetCompiler.Debug = "False"
		VWDPort = "11504"
	EndProjectSection
EndProject
Global
	GlobalSection(SolutionConfigurationPlatforms) = preSolution
		Debug|Any CPU = Debug|Any CPU
	EndGlobalSection
	GlobalSection(ProjectConfigurationPlatforms) = postSolution
		{42E5F423-620F-410A-9ACD-46B58CB55C73}.Debug|Any CPU.ActiveCfg = Debug|Any CPU
		{42E5F423-620F-410A-9ACD-46B58CB55C73}.Debug|Any CPU.Build.0 = Debug|Any CPU
	EndGlobalSection
	GlobalSection(SolutionProperties) = preSolution
		HideSolutionNode = FALSE
	EndGlobalSection
EndGlobal
